// !$*UTF8*$!
{
	archiveVersion = 1;
	classes = {
	};
	objectVersion = 55;
	objects = {

/* Begin PBXBuildFile section */
		160BC2782C34068500944C89 /* RatingFactory.swift in Sources */ = {isa = PBXBuildFile; fileRef = 160BC2772C34068500944C89 /* RatingFactory.swift */; };
		4D15898C2C333276005F4D2E /* LabelFactory.swift in Sources */ = {isa = PBXBuildFile; fileRef = 4D15898B2C333276005F4D2E /* LabelFactory.swift */; };
		640BFA522C372F5A00BB4923 /* RecipeCell.swift in Sources */ = {isa = PBXBuildFile; fileRef = 640BFA512C372F5A00BB4923 /* RecipeCell.swift */; };
		640BFA552C37305300BB4923 /* ProfileController.swift in Sources */ = {isa = PBXBuildFile; fileRef = 640BFA542C37305300BB4923 /* ProfileController.swift */; };
		640BFA592C373ED100BB4923 /* ProfileView.swift in Sources */ = {isa = PBXBuildFile; fileRef = 640BFA582C373ED100BB4923 /* ProfileView.swift */; };
		64285E4D2C34824A00A7E7ED /* Recipe.swift in Sources */ = {isa = PBXBuildFile; fileRef = 64285E4C2C34824A00A7E7ED /* Recipe.swift */; };
		64285E502C3483A200A7E7ED /* DataStore.swift in Sources */ = {isa = PBXBuildFile; fileRef = 64285E4F2C3483A200A7E7ED /* DataStore.swift */; };
		64285E522C3483F300A7E7ED /* NetworkManager.swift in Sources */ = {isa = PBXBuildFile; fileRef = 64285E512C3483F300A7E7ED /* NetworkManager.swift */; };
		64285E592C34AFC400A7E7ED /* UIImageView+Extension.swift in Sources */ = {isa = PBXBuildFile; fileRef = 64285E582C34AFC400A7E7ED /* UIImageView+Extension.swift */; };
		64285E5C2C34AFE200A7E7ED /* Kingfisher in Frameworks */ = {isa = PBXBuildFile; productRef = 64285E5B2C34AFE200A7E7ED /* Kingfisher */; };
		D998A12B2C3089FB0084F9C4 /* AppDelegate.swift in Sources */ = {isa = PBXBuildFile; fileRef = D998A12A2C3089FB0084F9C4 /* AppDelegate.swift */; };
		D998A12D2C3089FB0084F9C4 /* SceneDelegate.swift in Sources */ = {isa = PBXBuildFile; fileRef = D998A12C2C3089FB0084F9C4 /* SceneDelegate.swift */; };
		D998A12F2C3089FB0084F9C4 /* ViewController.swift in Sources */ = {isa = PBXBuildFile; fileRef = D998A12E2C3089FB0084F9C4 /* ViewController.swift */; };
		D998A1322C3089FB0084F9C4 /* Base in Resources */ = {isa = PBXBuildFile; fileRef = D998A1312C3089FB0084F9C4 /* Base */; };
		D998A1342C3089FC0084F9C4 /* Assets.xcassets in Resources */ = {isa = PBXBuildFile; fileRef = D998A1332C3089FC0084F9C4 /* Assets.xcassets */; };
		D998A1372C3089FC0084F9C4 /* Base in Resources */ = {isa = PBXBuildFile; fileRef = D998A1362C3089FC0084F9C4 /* Base */; };
		D998A1472C345ACB0084F9C4 /* TabBarController.swift in Sources */ = {isa = PBXBuildFile; fileRef = D998A1462C345ACB0084F9C4 /* TabBarController.swift */; };
		D998A1522C345FD60084F9C4 /* TabBar.swift in Sources */ = {isa = PBXBuildFile; fileRef = D998A1512C345FD60084F9C4 /* TabBar.swift */; };
		DC39DC842C34470600464EBD /* ButtonFactory.swift in Sources */ = {isa = PBXBuildFile; fileRef = DC39DC832C34470600464EBD /* ButtonFactory.swift */; };
		FA685E6D2C329F0B0028BA17 /* Colors.swift in Sources */ = {isa = PBXBuildFile; fileRef = FA685E6C2C329F0B0028BA17 /* Colors.swift */; };
		FA685E6F2C32A10C0028BA17 /* Fonts.swift in Sources */ = {isa = PBXBuildFile; fileRef = FA685E6E2C32A10C0028BA17 /* Fonts.swift */; };
		FA685E712C32A3310028BA17 /* Icons.swift in Sources */ = {isa = PBXBuildFile; fileRef = FA685E702C32A3310028BA17 /* Icons.swift */; };
		FA685E732C32A6860028BA17 /* Images.swift in Sources */ = {isa = PBXBuildFile; fileRef = FA685E722C32A6860028BA17 /* Images.swift */; };
		FA685E752C32ACF60028BA17 /* Poppins-SemiBold.ttf in Resources */ = {isa = PBXBuildFile; fileRef = FA685E742C32ACF60028BA17 /* Poppins-SemiBold.ttf */; };
		FA685E772C32B1F90028BA17 /* Poppins-Medium.ttf in Resources */ = {isa = PBXBuildFile; fileRef = FA685E762C32B1F90028BA17 /* Poppins-Medium.ttf */; };
		FA685E792C32B2EF0028BA17 /* Inter-Medium.ttf in Resources */ = {isa = PBXBuildFile; fileRef = FA685E782C32B2EF0028BA17 /* Inter-Medium.ttf */; };
		FA685E7B2C32EB770028BA17 /* HomeScreen.swift in Sources */ = {isa = PBXBuildFile; fileRef = FA685E7A2C32EB770028BA17 /* HomeScreen.swift */; };
		FA685E7D2C32EEB30028BA17 /* TrendingCell.swift in Sources */ = {isa = PBXBuildFile; fileRef = FA685E7C2C32EEB30028BA17 /* TrendingCell.swift */; };
		FA685E812C32EFF60028BA17 /* CategoryRecipeCell.swift in Sources */ = {isa = PBXBuildFile; fileRef = FA685E802C32EFF60028BA17 /* CategoryRecipeCell.swift */; };
		FA685E832C32F0240028BA17 /* RecentCell.swift in Sources */ = {isa = PBXBuildFile; fileRef = FA685E822C32F0240028BA17 /* RecentCell.swift */; };
		FA685E852C32F06A0028BA17 /* СuisineCell.swift in Sources */ = {isa = PBXBuildFile; fileRef = FA685E842C32F06A0028BA17 /* СuisineCell.swift */; };
		FA685E8E2C3304D20028BA17 /* HeaderSupplementaryView.swift in Sources */ = {isa = PBXBuildFile; fileRef = FA685E8D2C3304D20028BA17 /* HeaderSupplementaryView.swift */; };
		FA685EAC2C34100C0028BA17 /* HomeView.swift in Sources */ = {isa = PBXBuildFile; fileRef = FA685EAB2C34100C0028BA17 /* HomeView.swift */; };
		FA685EAE2C341BAA0028BA17 /* CollectionData.swift in Sources */ = {isa = PBXBuildFile; fileRef = FA685EAD2C341BAA0028BA17 /* CollectionData.swift */; };
		FA685EB22C3490C80028BA17 /* UIView + Extension.swift in Sources */ = {isa = PBXBuildFile; fileRef = FA685EB12C3490C80028BA17 /* UIView + Extension.swift */; };
		FA685EB52C3574DF0028BA17 /* CategoryCell.swift in Sources */ = {isa = PBXBuildFile; fileRef = FA685EB42C3574DF0028BA17 /* CategoryCell.swift */; };
		FA685EB72C358C360028BA17 /* CoverImageFactory.swift in Sources */ = {isa = PBXBuildFile; fileRef = FA685EB62C358C360028BA17 /* CoverImageFactory.swift */; };
		FA6ED7B22C328DD4004F1B10 /* Poppins-Bold.ttf in Resources */ = {isa = PBXBuildFile; fileRef = FA6ED7B12C328DD4004F1B10 /* Poppins-Bold.ttf */; };
		FA6ED7B42C328DDF004F1B10 /* Poppins-Regular.ttf in Resources */ = {isa = PBXBuildFile; fileRef = FA6ED7B32C328DDF004F1B10 /* Poppins-Regular.ttf */; };
/* End PBXBuildFile section */

/* Begin PBXFileReference section */
		160BC2772C34068500944C89 /* RatingFactory.swift */ = {isa = PBXFileReference; lastKnownFileType = sourcecode.swift; path = RatingFactory.swift; sourceTree = "<group>"; };
		4D15898B2C333276005F4D2E /* LabelFactory.swift */ = {isa = PBXFileReference; lastKnownFileType = sourcecode.swift; path = LabelFactory.swift; sourceTree = "<group>"; };
		640BFA512C372F5A00BB4923 /* RecipeCell.swift */ = {isa = PBXFileReference; lastKnownFileType = sourcecode.swift; path = RecipeCell.swift; sourceTree = "<group>"; };
		640BFA542C37305300BB4923 /* ProfileController.swift */ = {isa = PBXFileReference; lastKnownFileType = sourcecode.swift; path = ProfileController.swift; sourceTree = "<group>"; };
		640BFA582C373ED100BB4923 /* ProfileView.swift */ = {isa = PBXFileReference; lastKnownFileType = sourcecode.swift; path = ProfileView.swift; sourceTree = "<group>"; };
		64285E4C2C34824A00A7E7ED /* Recipe.swift */ = {isa = PBXFileReference; lastKnownFileType = sourcecode.swift; path = Recipe.swift; sourceTree = "<group>"; };
		64285E4F2C3483A200A7E7ED /* DataStore.swift */ = {isa = PBXFileReference; lastKnownFileType = sourcecode.swift; path = DataStore.swift; sourceTree = "<group>"; };
		64285E512C3483F300A7E7ED /* NetworkManager.swift */ = {isa = PBXFileReference; lastKnownFileType = sourcecode.swift; path = NetworkManager.swift; sourceTree = "<group>"; };
		64285E582C34AFC400A7E7ED /* UIImageView+Extension.swift */ = {isa = PBXFileReference; lastKnownFileType = sourcecode.swift; path = "UIImageView+Extension.swift"; sourceTree = "<group>"; };
		D998A1272C3089FB0084F9C4 /* best-recipes-ios.app */ = {isa = PBXFileReference; explicitFileType = wrapper.application; includeInIndex = 0; path = "best-recipes-ios.app"; sourceTree = BUILT_PRODUCTS_DIR; };
		D998A12A2C3089FB0084F9C4 /* AppDelegate.swift */ = {isa = PBXFileReference; lastKnownFileType = sourcecode.swift; path = AppDelegate.swift; sourceTree = "<group>"; };
		D998A12C2C3089FB0084F9C4 /* SceneDelegate.swift */ = {isa = PBXFileReference; lastKnownFileType = sourcecode.swift; path = SceneDelegate.swift; sourceTree = "<group>"; };
		D998A12E2C3089FB0084F9C4 /* ViewController.swift */ = {isa = PBXFileReference; lastKnownFileType = sourcecode.swift; path = ViewController.swift; sourceTree = "<group>"; };
		D998A1312C3089FB0084F9C4 /* Base */ = {isa = PBXFileReference; lastKnownFileType = file.storyboard; name = Base; path = Base.lproj/Main.storyboard; sourceTree = "<group>"; };
		D998A1332C3089FC0084F9C4 /* Assets.xcassets */ = {isa = PBXFileReference; lastKnownFileType = folder.assetcatalog; path = Assets.xcassets; sourceTree = "<group>"; };
		D998A1362C3089FC0084F9C4 /* Base */ = {isa = PBXFileReference; lastKnownFileType = file.storyboard; name = Base; path = Base.lproj/LaunchScreen.storyboard; sourceTree = "<group>"; };
		D998A1382C3089FC0084F9C4 /* Info.plist */ = {isa = PBXFileReference; lastKnownFileType = text.plist.xml; path = Info.plist; sourceTree = "<group>"; };
		D998A1462C345ACB0084F9C4 /* TabBarController.swift */ = {isa = PBXFileReference; lastKnownFileType = sourcecode.swift; path = TabBarController.swift; sourceTree = "<group>"; };
		D998A1512C345FD60084F9C4 /* TabBar.swift */ = {isa = PBXFileReference; lastKnownFileType = sourcecode.swift; path = TabBar.swift; sourceTree = "<group>"; };
		DC39DC832C34470600464EBD /* ButtonFactory.swift */ = {isa = PBXFileReference; lastKnownFileType = sourcecode.swift; path = ButtonFactory.swift; sourceTree = "<group>"; };
		FA685E6C2C329F0B0028BA17 /* Colors.swift */ = {isa = PBXFileReference; lastKnownFileType = sourcecode.swift; path = Colors.swift; sourceTree = "<group>"; };
		FA685E6E2C32A10C0028BA17 /* Fonts.swift */ = {isa = PBXFileReference; lastKnownFileType = sourcecode.swift; path = Fonts.swift; sourceTree = "<group>"; };
		FA685E702C32A3310028BA17 /* Icons.swift */ = {isa = PBXFileReference; lastKnownFileType = sourcecode.swift; path = Icons.swift; sourceTree = "<group>"; };
		FA685E722C32A6860028BA17 /* Images.swift */ = {isa = PBXFileReference; lastKnownFileType = sourcecode.swift; path = Images.swift; sourceTree = "<group>"; };
		FA685E742C32ACF60028BA17 /* Poppins-SemiBold.ttf */ = {isa = PBXFileReference; lastKnownFileType = file; path = "Poppins-SemiBold.ttf"; sourceTree = "<group>"; };
		FA685E762C32B1F90028BA17 /* Poppins-Medium.ttf */ = {isa = PBXFileReference; lastKnownFileType = file; path = "Poppins-Medium.ttf"; sourceTree = "<group>"; };
		FA685E782C32B2EF0028BA17 /* Inter-Medium.ttf */ = {isa = PBXFileReference; lastKnownFileType = file; path = "Inter-Medium.ttf"; sourceTree = "<group>"; };
		FA685E7A2C32EB770028BA17 /* HomeScreen.swift */ = {isa = PBXFileReference; lastKnownFileType = sourcecode.swift; path = HomeScreen.swift; sourceTree = "<group>"; };
		FA685E7C2C32EEB30028BA17 /* TrendingCell.swift */ = {isa = PBXFileReference; lastKnownFileType = sourcecode.swift; path = TrendingCell.swift; sourceTree = "<group>"; };
		FA685E802C32EFF60028BA17 /* CategoryRecipeCell.swift */ = {isa = PBXFileReference; lastKnownFileType = sourcecode.swift; path = CategoryRecipeCell.swift; sourceTree = "<group>"; };
		FA685E822C32F0240028BA17 /* RecentCell.swift */ = {isa = PBXFileReference; lastKnownFileType = sourcecode.swift; path = RecentCell.swift; sourceTree = "<group>"; };
		FA685E842C32F06A0028BA17 /* СuisineCell.swift */ = {isa = PBXFileReference; lastKnownFileType = sourcecode.swift; path = "СuisineCell.swift"; sourceTree = "<group>"; };
		FA685E8D2C3304D20028BA17 /* HeaderSupplementaryView.swift */ = {isa = PBXFileReference; lastKnownFileType = sourcecode.swift; path = HeaderSupplementaryView.swift; sourceTree = "<group>"; };
		FA685EAB2C34100C0028BA17 /* HomeView.swift */ = {isa = PBXFileReference; lastKnownFileType = sourcecode.swift; path = HomeView.swift; sourceTree = "<group>"; };
		FA685EAD2C341BAA0028BA17 /* CollectionData.swift */ = {isa = PBXFileReference; lastKnownFileType = sourcecode.swift; path = CollectionData.swift; sourceTree = "<group>"; };
		FA685EB12C3490C80028BA17 /* UIView + Extension.swift */ = {isa = PBXFileReference; lastKnownFileType = sourcecode.swift; path = "UIView + Extension.swift"; sourceTree = "<group>"; };
		FA685EB42C3574DF0028BA17 /* CategoryCell.swift */ = {isa = PBXFileReference; lastKnownFileType = sourcecode.swift; path = CategoryCell.swift; sourceTree = "<group>"; };
		FA685EB62C358C360028BA17 /* CoverImageFactory.swift */ = {isa = PBXFileReference; lastKnownFileType = sourcecode.swift; path = CoverImageFactory.swift; sourceTree = "<group>"; };
		FA6ED7B12C328DD4004F1B10 /* Poppins-Bold.ttf */ = {isa = PBXFileReference; lastKnownFileType = file; path = "Poppins-Bold.ttf"; sourceTree = "<group>"; };
		FA6ED7B32C328DDF004F1B10 /* Poppins-Regular.ttf */ = {isa = PBXFileReference; lastKnownFileType = file; path = "Poppins-Regular.ttf"; sourceTree = "<group>"; };
/* End PBXFileReference section */

/* Begin PBXFrameworksBuildPhase section */
		D998A1242C3089FA0084F9C4 /* Frameworks */ = {
			isa = PBXFrameworksBuildPhase;
			buildActionMask = 2147483647;
			files = (
				64285E5C2C34AFE200A7E7ED /* Kingfisher in Frameworks */,
			);
			runOnlyForDeploymentPostprocessing = 0;
		};
/* End PBXFrameworksBuildPhase section */

/* Begin PBXGroup section */
		4D15898A2C333213005F4D2E /* Factories */ = {
			isa = PBXGroup;
			children = (
				4D15898B2C333276005F4D2E /* LabelFactory.swift */,
				DC39DC832C34470600464EBD /* ButtonFactory.swift */,
				160BC2772C34068500944C89 /* RatingFactory.swift */,
				FA685EB62C358C360028BA17 /* CoverImageFactory.swift */,
			);
			path = Factories;
			sourceTree = "<group>";
		};
		640BFA502C372EF200BB4923 /* Profile */ = {
			isa = PBXGroup;
			children = (
				640BFA582C373ED100BB4923 /* ProfileView.swift */,
				640BFA542C37305300BB4923 /* ProfileController.swift */,
				640BFA532C372FAD00BB4923 /* Cell */,
			);
			path = Profile;
			sourceTree = "<group>";
		};
		640BFA532C372FAD00BB4923 /* Cell */ = {
			isa = PBXGroup;
			children = (
				640BFA512C372F5A00BB4923 /* RecipeCell.swift */,
			);
			path = Cell;
			sourceTree = "<group>";
		};
		64285E4B2C34823B00A7E7ED /* Models */ = {
			isa = PBXGroup;
			children = (
				64285E4C2C34824A00A7E7ED /* Recipe.swift */,
			);
			path = Models;
			sourceTree = "<group>";
		};
		64285E4E2C34833900A7E7ED /* Services */ = {
			isa = PBXGroup;
			children = (
				64285E4F2C3483A200A7E7ED /* DataStore.swift */,
				64285E512C3483F300A7E7ED /* NetworkManager.swift */,
			);
			path = Services;
			sourceTree = "<group>";
		};
		64285E572C34AF9B00A7E7ED /* Extensions */ = {
			isa = PBXGroup;
			children = (
				64285E582C34AFC400A7E7ED /* UIImageView+Extension.swift */,
				FA685EB12C3490C80028BA17 /* UIView + Extension.swift */,
			);
			path = Extensions;
			sourceTree = "<group>";
		};
		D998A11E2C3089FA0084F9C4 = {
			isa = PBXGroup;
			children = (
				D998A1292C3089FB0084F9C4 /* best-recipes-ios */,
				D998A1282C3089FB0084F9C4 /* Products */,
			);
			sourceTree = "<group>";
		};
		D998A1282C3089FB0084F9C4 /* Products */ = {
			isa = PBXGroup;
			children = (
				D998A1272C3089FB0084F9C4 /* best-recipes-ios.app */,
			);
			name = Products;
			sourceTree = "<group>";
		};
		D998A1292C3089FB0084F9C4 /* best-recipes-ios */ = {
			isa = PBXGroup;
			children = (
				64285E572C34AF9B00A7E7ED /* Extensions */,
				64285E4E2C34833900A7E7ED /* Services */,
				64285E4B2C34823B00A7E7ED /* Models */,
				D998A1442C345A980084F9C4 /* Components */,
				4D15898A2C333213005F4D2E /* Factories */,
				FA685E6B2C329EEB0028BA17 /* Helpers */,
				D998A12A2C3089FB0084F9C4 /* AppDelegate.swift */,
				D998A12C2C3089FB0084F9C4 /* SceneDelegate.swift */,
				D998A12E2C3089FB0084F9C4 /* ViewController.swift */,
				FA685EB32C356F980028BA17 /* Screens */,
				D998A1302C3089FB0084F9C4 /* Main.storyboard */,
				D998A1332C3089FC0084F9C4 /* Assets.xcassets */,
				D998A1352C3089FC0084F9C4 /* LaunchScreen.storyboard */,
				D998A1382C3089FC0084F9C4 /* Info.plist */,
				FA6ED7B02C328DB3004F1B10 /* Fonts */,
			);
			path = "best-recipes-ios";
			sourceTree = "<group>";
		};
		D998A1442C345A980084F9C4 /* Components */ = {
			isa = PBXGroup;
			children = (
				D998A1452C345A9E0084F9C4 /* TabBar */,
			);
			path = Components;
			sourceTree = "<group>";
		};
		D998A1452C345A9E0084F9C4 /* TabBar */ = {
			isa = PBXGroup;
			children = (
				D998A1462C345ACB0084F9C4 /* TabBarController.swift */,
				D998A1512C345FD60084F9C4 /* TabBar.swift */,
			);
			path = TabBar;
			sourceTree = "<group>";
		};
		FA685E6B2C329EEB0028BA17 /* Helpers */ = {
			isa = PBXGroup;
			children = (
				FA685E6C2C329F0B0028BA17 /* Colors.swift */,
				FA685E6E2C32A10C0028BA17 /* Fonts.swift */,
				FA685E702C32A3310028BA17 /* Icons.swift */,
				FA685E722C32A6860028BA17 /* Images.swift */,
			);
			path = Helpers;
			sourceTree = "<group>";
		};
		FA685E862C32F1520028BA17 /* Cells */ = {
			isa = PBXGroup;
			children = (
				FA685E7C2C32EEB30028BA17 /* TrendingCell.swift */,
				FA685EB42C3574DF0028BA17 /* CategoryCell.swift */,
				FA685E802C32EFF60028BA17 /* CategoryRecipeCell.swift */,
				FA685E822C32F0240028BA17 /* RecentCell.swift */,
				FA685E842C32F06A0028BA17 /* СuisineCell.swift */,
				FA685E8D2C3304D20028BA17 /* HeaderSupplementaryView.swift */,
			);
			path = Cells;
			sourceTree = "<group>";
		};
		FA685EA92C340FB30028BA17 /* Home */ = {
			isa = PBXGroup;
			children = (
				FA685EAD2C341BAA0028BA17 /* CollectionData.swift */,
				FA685EAB2C34100C0028BA17 /* HomeView.swift */,
				FA685E7A2C32EB770028BA17 /* HomeScreen.swift */,
				FA685E862C32F1520028BA17 /* Cells */,
			);
			path = Home;
			sourceTree = "<group>";
		};
		FA685EB32C356F980028BA17 /* Screens */ = {
			isa = PBXGroup;
			children = (
				640BFA502C372EF200BB4923 /* Profile */,
				FA685EA92C340FB30028BA17 /* Home */,
			);
			path = Screens;
			sourceTree = "<group>";
		};
		FA6ED7B02C328DB3004F1B10 /* Fonts */ = {
			isa = PBXGroup;
			children = (
				FA6ED7B12C328DD4004F1B10 /* Poppins-Bold.ttf */,
				FA685E742C32ACF60028BA17 /* Poppins-SemiBold.ttf */,
				FA6ED7B32C328DDF004F1B10 /* Poppins-Regular.ttf */,
				FA685E762C32B1F90028BA17 /* Poppins-Medium.ttf */,
				FA685E782C32B2EF0028BA17 /* Inter-Medium.ttf */,
			);
			path = Fonts;
			sourceTree = "<group>";
		};
/* End PBXGroup section */

/* Begin PBXNativeTarget section */
		D998A1262C3089FA0084F9C4 /* best-recipes-ios */ = {
			isa = PBXNativeTarget;
			buildConfigurationList = D998A13B2C3089FC0084F9C4 /* Build configuration list for PBXNativeTarget "best-recipes-ios" */;
			buildPhases = (
				D998A1232C3089FA0084F9C4 /* Sources */,
				D998A1242C3089FA0084F9C4 /* Frameworks */,
				D998A1252C3089FA0084F9C4 /* Resources */,
			);
			buildRules = (
			);
			dependencies = (
			);
			name = "best-recipes-ios";
			packageProductDependencies = (
				64285E5B2C34AFE200A7E7ED /* Kingfisher */,
			);
			productName = "best-recipes-ios";
			productReference = D998A1272C3089FB0084F9C4 /* best-recipes-ios.app */;
			productType = "com.apple.product-type.application";
		};
/* End PBXNativeTarget section */

/* Begin PBXProject section */
		D998A11F2C3089FA0084F9C4 /* Project object */ = {
			isa = PBXProject;
			attributes = {
				BuildIndependentTargetsInParallel = 1;
				LastSwiftUpdateCheck = 1540;
				LastUpgradeCheck = 1540;
				TargetAttributes = {
					D998A1262C3089FA0084F9C4 = {
						CreatedOnToolsVersion = 15.4;
					};
				};
			};
			buildConfigurationList = D998A1222C3089FA0084F9C4 /* Build configuration list for PBXProject "best-recipes-ios" */;
			compatibilityVersion = "Xcode 13.0";
			developmentRegion = en;
			hasScannedForEncodings = 0;
			knownRegions = (
				en,
				Base,
			);
			mainGroup = D998A11E2C3089FA0084F9C4;
			packageReferences = (
				64285E5A2C34AFE200A7E7ED /* XCRemoteSwiftPackageReference "Kingfisher" */,
			);
			productRefGroup = D998A1282C3089FB0084F9C4 /* Products */;
			projectDirPath = "";
			projectRoot = "";
			targets = (
				D998A1262C3089FA0084F9C4 /* best-recipes-ios */,
			);
		};
/* End PBXProject section */

/* Begin PBXResourcesBuildPhase section */
		D998A1252C3089FA0084F9C4 /* Resources */ = {
			isa = PBXResourcesBuildPhase;
			buildActionMask = 2147483647;
			files = (
				D998A1342C3089FC0084F9C4 /* Assets.xcassets in Resources */,
				FA685E772C32B1F90028BA17 /* Poppins-Medium.ttf in Resources */,
				D998A1372C3089FC0084F9C4 /* Base in Resources */,
				D998A1322C3089FB0084F9C4 /* Base in Resources */,
				FA685E792C32B2EF0028BA17 /* Inter-Medium.ttf in Resources */,
				FA685E752C32ACF60028BA17 /* Poppins-SemiBold.ttf in Resources */,
				FA6ED7B22C328DD4004F1B10 /* Poppins-Bold.ttf in Resources */,
				FA6ED7B42C328DDF004F1B10 /* Poppins-Regular.ttf in Resources */,
			);
			runOnlyForDeploymentPostprocessing = 0;
		};
/* End PBXResourcesBuildPhase section */

/* Begin PBXSourcesBuildPhase section */
		D998A1232C3089FA0084F9C4 /* Sources */ = {
			isa = PBXSourcesBuildPhase;
			buildActionMask = 2147483647;
			files = (
				FA685E7B2C32EB770028BA17 /* HomeScreen.swift in Sources */,
				FA685EAC2C34100C0028BA17 /* HomeView.swift in Sources */,
				64285E592C34AFC400A7E7ED /* UIImageView+Extension.swift in Sources */,
				640BFA522C372F5A00BB4923 /* RecipeCell.swift in Sources */,
				64285E522C3483F300A7E7ED /* NetworkManager.swift in Sources */,
				DC39DC842C34470600464EBD /* ButtonFactory.swift in Sources */,
				FA685E732C32A6860028BA17 /* Images.swift in Sources */,
				D998A12F2C3089FB0084F9C4 /* ViewController.swift in Sources */,
				FA685E812C32EFF60028BA17 /* CategoryRecipeCell.swift in Sources */,
				FA685E852C32F06A0028BA17 /* СuisineCell.swift in Sources */,
				FA685E832C32F0240028BA17 /* RecentCell.swift in Sources */,
				FA685E6F2C32A10C0028BA17 /* Fonts.swift in Sources */,
				FA685EB22C3490C80028BA17 /* UIView + Extension.swift in Sources */,
				640BFA552C37305300BB4923 /* ProfileController.swift in Sources */,
				FA685E6D2C329F0B0028BA17 /* Colors.swift in Sources */,
				FA685EB52C3574DF0028BA17 /* CategoryCell.swift in Sources */,
				FA685E8E2C3304D20028BA17 /* HeaderSupplementaryView.swift in Sources */,
				64285E502C3483A200A7E7ED /* DataStore.swift in Sources */,
				D998A1472C345ACB0084F9C4 /* TabBarController.swift in Sources */,
				160BC2782C34068500944C89 /* RatingFactory.swift in Sources */,
				FA685E712C32A3310028BA17 /* Icons.swift in Sources */,
				4D15898C2C333276005F4D2E /* LabelFactory.swift in Sources */,
				640BFA592C373ED100BB4923 /* ProfileView.swift in Sources */,
				D998A12B2C3089FB0084F9C4 /* AppDelegate.swift in Sources */,
				D998A1522C345FD60084F9C4 /* TabBar.swift in Sources */,
				D998A12D2C3089FB0084F9C4 /* SceneDelegate.swift in Sources */,
				FA685EB72C358C360028BA17 /* CoverImageFactory.swift in Sources */,
				FA685E7D2C32EEB30028BA17 /* TrendingCell.swift in Sources */,
				FA685EAE2C341BAA0028BA17 /* CollectionData.swift in Sources */,
				64285E4D2C34824A00A7E7ED /* Recipe.swift in Sources */,
			);
			runOnlyForDeploymentPostprocessing = 0;
		};
/* End PBXSourcesBuildPhase section */

/* Begin PBXVariantGroup section */
		D998A1302C3089FB0084F9C4 /* Main.storyboard */ = {
			isa = PBXVariantGroup;
			children = (
				D998A1312C3089FB0084F9C4 /* Base */,
			);
			name = Main.storyboard;
			sourceTree = "<group>";
		};
		D998A1352C3089FC0084F9C4 /* LaunchScreen.storyboard */ = {
			isa = PBXVariantGroup;
			children = (
				D998A1362C3089FC0084F9C4 /* Base */,
			);
			name = LaunchScreen.storyboard;
			sourceTree = "<group>";
		};
/* End PBXVariantGroup section */

/* Begin XCBuildConfiguration section */
		D998A1392C3089FC0084F9C4 /* Debug */ = {
			isa = XCBuildConfiguration;
			buildSettings = {
				ALWAYS_SEARCH_USER_PATHS = NO;
				ASSETCATALOG_COMPILER_GENERATE_SWIFT_ASSET_SYMBOL_EXTENSIONS = YES;
				CLANG_ANALYZER_NONNULL = YES;
				CLANG_ANALYZER_NUMBER_OBJECT_CONVERSION = YES_AGGRESSIVE;
				CLANG_CXX_LANGUAGE_STANDARD = "gnu++20";
				CLANG_ENABLE_MODULES = YES;
				CLANG_ENABLE_OBJC_ARC = YES;
				CLANG_ENABLE_OBJC_WEAK = YES;
				CLANG_WARN_BLOCK_CAPTURE_AUTORELEASING = YES;
				CLANG_WARN_BOOL_CONVERSION = YES;
				CLANG_WARN_COMMA = YES;
				CLANG_WARN_CONSTANT_CONVERSION = YES;
				CLANG_WARN_DEPRECATED_OBJC_IMPLEMENTATIONS = YES;
				CLANG_WARN_DIRECT_OBJC_ISA_USAGE = YES_ERROR;
				CLANG_WARN_DOCUMENTATION_COMMENTS = YES;
				CLANG_WARN_EMPTY_BODY = YES;
				CLANG_WARN_ENUM_CONVERSION = YES;
				CLANG_WARN_INFINITE_RECURSION = YES;
				CLANG_WARN_INT_CONVERSION = YES;
				CLANG_WARN_NON_LITERAL_NULL_CONVERSION = YES;
				CLANG_WARN_OBJC_IMPLICIT_RETAIN_SELF = YES;
				CLANG_WARN_OBJC_LITERAL_CONVERSION = YES;
				CLANG_WARN_OBJC_ROOT_CLASS = YES_ERROR;
				CLANG_WARN_QUOTED_INCLUDE_IN_FRAMEWORK_HEADER = YES;
				CLANG_WARN_RANGE_LOOP_ANALYSIS = YES;
				CLANG_WARN_STRICT_PROTOTYPES = YES;
				CLANG_WARN_SUSPICIOUS_MOVE = YES;
				CLANG_WARN_UNGUARDED_AVAILABILITY = YES_AGGRESSIVE;
				CLANG_WARN_UNREACHABLE_CODE = YES;
				CLANG_WARN__DUPLICATE_METHOD_MATCH = YES;
				COPY_PHASE_STRIP = NO;
				DEBUG_INFORMATION_FORMAT = dwarf;
				ENABLE_STRICT_OBJC_MSGSEND = YES;
				ENABLE_TESTABILITY = YES;
				ENABLE_USER_SCRIPT_SANDBOXING = YES;
				GCC_C_LANGUAGE_STANDARD = gnu17;
				GCC_DYNAMIC_NO_PIC = NO;
				GCC_NO_COMMON_BLOCKS = YES;
				GCC_OPTIMIZATION_LEVEL = 0;
				GCC_PREPROCESSOR_DEFINITIONS = (
					"DEBUG=1",
					"$(inherited)",
				);
				GCC_WARN_64_TO_32_BIT_CONVERSION = YES;
				GCC_WARN_ABOUT_RETURN_TYPE = YES_ERROR;
				GCC_WARN_UNDECLARED_SELECTOR = YES;
				GCC_WARN_UNINITIALIZED_AUTOS = YES_AGGRESSIVE;
				GCC_WARN_UNUSED_FUNCTION = YES;
				GCC_WARN_UNUSED_VARIABLE = YES;
				IPHONEOS_DEPLOYMENT_TARGET = 17.5;
				LOCALIZATION_PREFERS_STRING_CATALOGS = YES;
				MTL_ENABLE_DEBUG_INFO = INCLUDE_SOURCE;
				MTL_FAST_MATH = YES;
				ONLY_ACTIVE_ARCH = YES;
				SDKROOT = iphoneos;
				SWIFT_ACTIVE_COMPILATION_CONDITIONS = "DEBUG $(inherited)";
				SWIFT_OPTIMIZATION_LEVEL = "-Onone";
			};
			name = Debug;
		};
		D998A13A2C3089FC0084F9C4 /* Release */ = {
			isa = XCBuildConfiguration;
			buildSettings = {
				ALWAYS_SEARCH_USER_PATHS = NO;
				ASSETCATALOG_COMPILER_GENERATE_SWIFT_ASSET_SYMBOL_EXTENSIONS = YES;
				CLANG_ANALYZER_NONNULL = YES;
				CLANG_ANALYZER_NUMBER_OBJECT_CONVERSION = YES_AGGRESSIVE;
				CLANG_CXX_LANGUAGE_STANDARD = "gnu++20";
				CLANG_ENABLE_MODULES = YES;
				CLANG_ENABLE_OBJC_ARC = YES;
				CLANG_ENABLE_OBJC_WEAK = YES;
				CLANG_WARN_BLOCK_CAPTURE_AUTORELEASING = YES;
				CLANG_WARN_BOOL_CONVERSION = YES;
				CLANG_WARN_COMMA = YES;
				CLANG_WARN_CONSTANT_CONVERSION = YES;
				CLANG_WARN_DEPRECATED_OBJC_IMPLEMENTATIONS = YES;
				CLANG_WARN_DIRECT_OBJC_ISA_USAGE = YES_ERROR;
				CLANG_WARN_DOCUMENTATION_COMMENTS = YES;
				CLANG_WARN_EMPTY_BODY = YES;
				CLANG_WARN_ENUM_CONVERSION = YES;
				CLANG_WARN_INFINITE_RECURSION = YES;
				CLANG_WARN_INT_CONVERSION = YES;
				CLANG_WARN_NON_LITERAL_NULL_CONVERSION = YES;
				CLANG_WARN_OBJC_IMPLICIT_RETAIN_SELF = YES;
				CLANG_WARN_OBJC_LITERAL_CONVERSION = YES;
				CLANG_WARN_OBJC_ROOT_CLASS = YES_ERROR;
				CLANG_WARN_QUOTED_INCLUDE_IN_FRAMEWORK_HEADER = YES;
				CLANG_WARN_RANGE_LOOP_ANALYSIS = YES;
				CLANG_WARN_STRICT_PROTOTYPES = YES;
				CLANG_WARN_SUSPICIOUS_MOVE = YES;
				CLANG_WARN_UNGUARDED_AVAILABILITY = YES_AGGRESSIVE;
				CLANG_WARN_UNREACHABLE_CODE = YES;
				CLANG_WARN__DUPLICATE_METHOD_MATCH = YES;
				COPY_PHASE_STRIP = NO;
				DEBUG_INFORMATION_FORMAT = "dwarf-with-dsym";
				ENABLE_NS_ASSERTIONS = NO;
				ENABLE_STRICT_OBJC_MSGSEND = YES;
				ENABLE_USER_SCRIPT_SANDBOXING = YES;
				GCC_C_LANGUAGE_STANDARD = gnu17;
				GCC_NO_COMMON_BLOCKS = YES;
				GCC_WARN_64_TO_32_BIT_CONVERSION = YES;
				GCC_WARN_ABOUT_RETURN_TYPE = YES_ERROR;
				GCC_WARN_UNDECLARED_SELECTOR = YES;
				GCC_WARN_UNINITIALIZED_AUTOS = YES_AGGRESSIVE;
				GCC_WARN_UNUSED_FUNCTION = YES;
				GCC_WARN_UNUSED_VARIABLE = YES;
				IPHONEOS_DEPLOYMENT_TARGET = 17.5;
				LOCALIZATION_PREFERS_STRING_CATALOGS = YES;
				MTL_ENABLE_DEBUG_INFO = NO;
				MTL_FAST_MATH = YES;
				SDKROOT = iphoneos;
				SWIFT_COMPILATION_MODE = wholemodule;
				VALIDATE_PRODUCT = YES;
			};
			name = Release;
		};
		D998A13C2C3089FC0084F9C4 /* Debug */ = {
			isa = XCBuildConfiguration;
			buildSettings = {
				ASSETCATALOG_COMPILER_APPICON_NAME = AppIcon;
				ASSETCATALOG_COMPILER_GLOBAL_ACCENT_COLOR_NAME = AccentColor;
				CODE_SIGN_STYLE = Automatic;
				CURRENT_PROJECT_VERSION = 1;
				GENERATE_INFOPLIST_FILE = YES;
				INFOPLIST_FILE = "best-recipes-ios/Info.plist";
				INFOPLIST_KEY_UIApplicationSupportsIndirectInputEvents = YES;
				INFOPLIST_KEY_UILaunchStoryboardName = LaunchScreen;
				INFOPLIST_KEY_UIMainStoryboardFile = Main;
				INFOPLIST_KEY_UISupportedInterfaceOrientations = UIInterfaceOrientationPortrait;
				INFOPLIST_KEY_UISupportedInterfaceOrientations_iPad = "UIInterfaceOrientationLandscapeLeft UIInterfaceOrientationLandscapeRight UIInterfaceOrientationPortraitUpsideDown";
				IPHONEOS_DEPLOYMENT_TARGET = 15.0;
				LD_RUNPATH_SEARCH_PATHS = (
					"$(inherited)",
					"@executable_path/Frameworks",
				);
				MARKETING_VERSION = 1.0;
				PRODUCT_BUNDLE_IDENTIFIER = "com.anyteam.best-recipes-ios";
				PRODUCT_NAME = "$(TARGET_NAME)";
				SUPPORTED_PLATFORMS = "iphoneos iphonesimulator";
				SUPPORTS_MACCATALYST = NO;
				SUPPORTS_MAC_DESIGNED_FOR_IPHONE_IPAD = NO;
				SUPPORTS_XR_DESIGNED_FOR_IPHONE_IPAD = NO;
				SWIFT_EMIT_LOC_STRINGS = YES;
				SWIFT_VERSION = 5.0;
				TARGETED_DEVICE_FAMILY = 1;
			};
			name = Debug;
		};
		D998A13D2C3089FC0084F9C4 /* Release */ = {
			isa = XCBuildConfiguration;
			buildSettings = {
				ASSETCATALOG_COMPILER_APPICON_NAME = AppIcon;
				ASSETCATALOG_COMPILER_GLOBAL_ACCENT_COLOR_NAME = AccentColor;
				CODE_SIGN_STYLE = Automatic;
				CURRENT_PROJECT_VERSION = 1;
				GENERATE_INFOPLIST_FILE = YES;
				INFOPLIST_FILE = "best-recipes-ios/Info.plist";
				INFOPLIST_KEY_UIApplicationSupportsIndirectInputEvents = YES;
				INFOPLIST_KEY_UILaunchStoryboardName = LaunchScreen;
				INFOPLIST_KEY_UIMainStoryboardFile = Main;
				INFOPLIST_KEY_UISupportedInterfaceOrientations = UIInterfaceOrientationPortrait;
				INFOPLIST_KEY_UISupportedInterfaceOrientations_iPad = "UIInterfaceOrientationLandscapeLeft UIInterfaceOrientationLandscapeRight UIInterfaceOrientationPortraitUpsideDown";
				IPHONEOS_DEPLOYMENT_TARGET = 15.0;
				LD_RUNPATH_SEARCH_PATHS = (
					"$(inherited)",
					"@executable_path/Frameworks",
				);
				MARKETING_VERSION = 1.0;
				PRODUCT_BUNDLE_IDENTIFIER = "com.anyteam.best-recipes-ios";
				PRODUCT_NAME = "$(TARGET_NAME)";
				SUPPORTED_PLATFORMS = "iphoneos iphonesimulator";
				SUPPORTS_MACCATALYST = NO;
				SUPPORTS_MAC_DESIGNED_FOR_IPHONE_IPAD = NO;
				SUPPORTS_XR_DESIGNED_FOR_IPHONE_IPAD = NO;
				SWIFT_EMIT_LOC_STRINGS = YES;
				SWIFT_VERSION = 5.0;
				TARGETED_DEVICE_FAMILY = 1;
			};
			name = Release;
		};
/* End XCBuildConfiguration section */

/* Begin XCConfigurationList section */
		D998A1222C3089FA0084F9C4 /* Build configuration list for PBXProject "best-recipes-ios" */ = {
			isa = XCConfigurationList;
			buildConfigurations = (
				D998A1392C3089FC0084F9C4 /* Debug */,
				D998A13A2C3089FC0084F9C4 /* Release */,
			);
			defaultConfigurationIsVisible = 0;
			defaultConfigurationName = Release;
		};
		D998A13B2C3089FC0084F9C4 /* Build configuration list for PBXNativeTarget "best-recipes-ios" */ = {
			isa = XCConfigurationList;
			buildConfigurations = (
				D998A13C2C3089FC0084F9C4 /* Debug */,
				D998A13D2C3089FC0084F9C4 /* Release */,
			);
			defaultConfigurationIsVisible = 0;
			defaultConfigurationName = Release;
		};
/* End XCConfigurationList section */

/* Begin XCRemoteSwiftPackageReference section */
		64285E5A2C34AFE200A7E7ED /* XCRemoteSwiftPackageReference "Kingfisher" */ = {
			isa = XCRemoteSwiftPackageReference;
			repositoryURL = "https://github.com/onevcat/Kingfisher.git";
			requirement = {
				kind = upToNextMajorVersion;
				minimumVersion = 7.12.0;
			};
		};
/* End XCRemoteSwiftPackageReference section */

/* Begin XCSwiftPackageProductDependency section */
		64285E5B2C34AFE200A7E7ED /* Kingfisher */ = {
			isa = XCSwiftPackageProductDependency;
			package = 64285E5A2C34AFE200A7E7ED /* XCRemoteSwiftPackageReference "Kingfisher" */;
			productName = Kingfisher;
		};
/* End XCSwiftPackageProductDependency section */
	};
	rootObject = D998A11F2C3089FA0084F9C4 /* Project object */;
}
